// !$*UTF8*$!
{
	archiveVersion = 1;
	classes = {
	};
	objectVersion = 51;
	objects = {

/* Begin PBXBuildFile section */
		462A519DF261E629D0F19E3F /* Pods_Daybreak.framework in Frameworks */ = {isa = PBXBuildFile; fileRef = C5FE6BF8B1CDB802A8A9FBE4 /* Pods_Daybreak.framework */; };
		7C293B8123C391F500AEE7A7 /* CustomCalendarExampleController.swift in Sources */ = {isa = PBXBuildFile; fileRef = 7C293B8023C391F500AEE7A7 /* CustomCalendarExampleController.swift */; };
		7C293B8323C392C400AEE7A7 /* ExampleController.swift in Sources */ = {isa = PBXBuildFile; fileRef = 7C293B8223C392C400AEE7A7 /* ExampleController.swift */; };
		7C293B8523C3930800AEE7A7 /* ExampleNotificationController.swift in Sources */ = {isa = PBXBuildFile; fileRef = 7C293B8423C3930800AEE7A7 /* ExampleNotificationController.swift */; };
		7C293B8723C3932500AEE7A7 /* StyleGenerator.swift in Sources */ = {isa = PBXBuildFile; fileRef = 7C293B8623C3932500AEE7A7 /* StyleGenerator.swift */; };
		7C293B8923C3934800AEE7A7 /* DataPickerController.swift in Sources */ = {isa = PBXBuildFile; fileRef = 7C293B8823C3934800AEE7A7 /* DataPickerController.swift */; };
		7CE5077323BE4E860018439C /* AppDelegate.swift in Sources */ = {isa = PBXBuildFile; fileRef = 7CE5077223BE4E860018439C /* AppDelegate.swift */; };
		7CE5077523BE4E860018439C /* SceneDelegate.swift in Sources */ = {isa = PBXBuildFile; fileRef = 7CE5077423BE4E860018439C /* SceneDelegate.swift */; };
		7CE5077723BE4E860018439C /* ViewController.swift in Sources */ = {isa = PBXBuildFile; fileRef = 7CE5077623BE4E860018439C /* ViewController.swift */; };
		7CE5077A23BE4E860018439C /* Main.storyboard in Resources */ = {isa = PBXBuildFile; fileRef = 7CE5077823BE4E860018439C /* Main.storyboard */; };
		7CE5077D23BE4E860018439C /* Daybreak.xcdatamodeld in Sources */ = {isa = PBXBuildFile; fileRef = 7CE5077B23BE4E860018439C /* Daybreak.xcdatamodeld */; };
		7CE5077F23BE4E890018439C /* Assets.xcassets in Resources */ = {isa = PBXBuildFile; fileRef = 7CE5077E23BE4E890018439C /* Assets.xcassets */; };
		7CE5078223BE4E890018439C /* LaunchScreen.storyboard in Resources */ = {isa = PBXBuildFile; fileRef = 7CE5078023BE4E890018439C /* LaunchScreen.storyboard */; };
/* End PBXBuildFile section */

/* Begin PBXFileReference section */
		7C293B8023C391F500AEE7A7 /* CustomCalendarExampleController.swift */ = {isa = PBXFileReference; lastKnownFileType = sourcecode.swift; path = CustomCalendarExampleController.swift; sourceTree = "<group>"; };
		7C293B8223C392C400AEE7A7 /* ExampleController.swift */ = {isa = PBXFileReference; lastKnownFileType = sourcecode.swift; path = ExampleController.swift; sourceTree = "<group>"; };
		7C293B8423C3930800AEE7A7 /* ExampleNotificationController.swift */ = {isa = PBXFileReference; lastKnownFileType = sourcecode.swift; path = ExampleNotificationController.swift; sourceTree = "<group>"; };
		7C293B8623C3932500AEE7A7 /* StyleGenerator.swift */ = {isa = PBXFileReference; lastKnownFileType = sourcecode.swift; path = StyleGenerator.swift; sourceTree = "<group>"; };
		7C293B8823C3934800AEE7A7 /* DataPickerController.swift */ = {isa = PBXFileReference; lastKnownFileType = sourcecode.swift; path = DataPickerController.swift; sourceTree = "<group>"; };
		7CE5076F23BE4E860018439C /* Daybreak.app */ = {isa = PBXFileReference; explicitFileType = wrapper.application; includeInIndex = 0; path = Daybreak.app; sourceTree = BUILT_PRODUCTS_DIR; };
		7CE5077223BE4E860018439C /* AppDelegate.swift */ = {isa = PBXFileReference; lastKnownFileType = sourcecode.swift; path = AppDelegate.swift; sourceTree = "<group>"; };
		7CE5077423BE4E860018439C /* SceneDelegate.swift */ = {isa = PBXFileReference; lastKnownFileType = sourcecode.swift; path = SceneDelegate.swift; sourceTree = "<group>"; };
		7CE5077623BE4E860018439C /* ViewController.swift */ = {isa = PBXFileReference; lastKnownFileType = sourcecode.swift; path = ViewController.swift; sourceTree = "<group>"; };
		7CE5077923BE4E860018439C /* Base */ = {isa = PBXFileReference; lastKnownFileType = file.storyboard; name = Base; path = Base.lproj/Main.storyboard; sourceTree = "<group>"; };
		7CE5077C23BE4E860018439C /* Daybreak.xcdatamodel */ = {isa = PBXFileReference; lastKnownFileType = wrapper.xcdatamodel; path = Daybreak.xcdatamodel; sourceTree = "<group>"; };
		7CE5077E23BE4E890018439C /* Assets.xcassets */ = {isa = PBXFileReference; lastKnownFileType = folder.assetcatalog; path = Assets.xcassets; sourceTree = "<group>"; };
		7CE5078123BE4E890018439C /* Base */ = {isa = PBXFileReference; lastKnownFileType = file.storyboard; name = Base; path = Base.lproj/LaunchScreen.storyboard; sourceTree = "<group>"; };
		7CE5078323BE4E890018439C /* Info.plist */ = {isa = PBXFileReference; lastKnownFileType = text.plist.xml; path = Info.plist; sourceTree = "<group>"; };
		8EC8E648E73F99097EEB96B8 /* Pods-Daybreak.debug.xcconfig */ = {isa = PBXFileReference; includeInIndex = 1; lastKnownFileType = text.xcconfig; name = "Pods-Daybreak.debug.xcconfig"; path = "Target Support Files/Pods-Daybreak/Pods-Daybreak.debug.xcconfig"; sourceTree = "<group>"; };
		C5FE6BF8B1CDB802A8A9FBE4 /* Pods_Daybreak.framework */ = {isa = PBXFileReference; explicitFileType = wrapper.framework; includeInIndex = 0; path = Pods_Daybreak.framework; sourceTree = BUILT_PRODUCTS_DIR; };
		E4A038D0B5CFD237A8FCB91F /* Pods-Daybreak.release.xcconfig */ = {isa = PBXFileReference; includeInIndex = 1; lastKnownFileType = text.xcconfig; name = "Pods-Daybreak.release.xcconfig"; path = "Target Support Files/Pods-Daybreak/Pods-Daybreak.release.xcconfig"; sourceTree = "<group>"; };
/* End PBXFileReference section */

/* Begin PBXFrameworksBuildPhase section */
		7CE5076C23BE4E860018439C /* Frameworks */ = {
			isa = PBXFrameworksBuildPhase;
			buildActionMask = 2147483647;
			files = (
				462A519DF261E629D0F19E3F /* Pods_Daybreak.framework in Frameworks */,
			);
			runOnlyForDeploymentPostprocessing = 0;
		};
/* End PBXFrameworksBuildPhase section */

/* Begin PBXGroup section */
		520FCED7DF454EC942E530C4 /* Frameworks */ = {
			isa = PBXGroup;
			children = (
				C5FE6BF8B1CDB802A8A9FBE4 /* Pods_Daybreak.framework */,
			);
			name = Frameworks;
			sourceTree = "<group>";
		};
		78890A63B56B3F1DA673EED8 /* Pods */ = {
			isa = PBXGroup;
			children = (
				8EC8E648E73F99097EEB96B8 /* Pods-Daybreak.debug.xcconfig */,
				E4A038D0B5CFD237A8FCB91F /* Pods-Daybreak.release.xcconfig */,
			);
			path = Pods;
			sourceTree = "<group>";
		};
		7CE5076623BE4E860018439C = {
			isa = PBXGroup;
			children = (
				7CE5077123BE4E860018439C /* Daybreak */,
				7CE5077023BE4E860018439C /* Products */,
				78890A63B56B3F1DA673EED8 /* Pods */,
				520FCED7DF454EC942E530C4 /* Frameworks */,
			);
			sourceTree = "<group>";
		};
		7CE5077023BE4E860018439C /* Products */ = {
			isa = PBXGroup;
			children = (
				7CE5076F23BE4E860018439C /* Daybreak.app */,
			);
			name = Products;
			sourceTree = "<group>";
		};
		7CE5077123BE4E860018439C /* Daybreak */ = {
			isa = PBXGroup;
			children = (
				7CE5077223BE4E860018439C /* AppDelegate.swift */,
				7CE5077423BE4E860018439C /* SceneDelegate.swift */,
				7C293B8023C391F500AEE7A7 /* CustomCalendarExampleController.swift */,
				7C293B8223C392C400AEE7A7 /* ExampleController.swift */,
				7C293B8423C3930800AEE7A7 /* ExampleNotificationController.swift */,
				7C293B8623C3932500AEE7A7 /* StyleGenerator.swift */,
				7C293B8823C3934800AEE7A7 /* DataPickerController.swift */,
				7CE5077623BE4E860018439C /* ViewController.swift */,
				7CE5077823BE4E860018439C /* Main.storyboard */,
				7CE5077E23BE4E890018439C /* Assets.xcassets */,
				7CE5078023BE4E890018439C /* LaunchScreen.storyboard */,
				7CE5078323BE4E890018439C /* Info.plist */,
				7CE5077B23BE4E860018439C /* Daybreak.xcdatamodeld */,
			);
			path = Daybreak;
			sourceTree = "<group>";
		};
/* End PBXGroup section */

/* Begin PBXNativeTarget section */
		7CE5076E23BE4E860018439C /* Daybreak */ = {
			isa = PBXNativeTarget;
			buildConfigurationList = 7CE5078623BE4E890018439C /* Build configuration list for PBXNativeTarget "Daybreak" */;
			buildPhases = (
				C637305BC46CD146A54D5D28 /* [CP] Check Pods Manifest.lock */,
				7CE5076B23BE4E860018439C /* Sources */,
				7CE5076C23BE4E860018439C /* Frameworks */,
				7CE5076D23BE4E860018439C /* Resources */,
				AA47D1A5780B4ED3B3C86104 /* [CP] Embed Pods Frameworks */,
			);
			buildRules = (
			);
			dependencies = (
			);
			name = Daybreak;
			productName = Daybreak;
			productReference = 7CE5076F23BE4E860018439C /* Daybreak.app */;
			productType = "com.apple.product-type.application";
		};
/* End PBXNativeTarget section */

/* Begin PBXProject section */
		7CE5076723BE4E860018439C /* Project object */ = {
			isa = PBXProject;
			attributes = {
				LastSwiftUpdateCheck = 1110;
				LastUpgradeCheck = 1110;
				ORGANIZATIONNAME = bruhapps;
				TargetAttributes = {
					7CE5076E23BE4E860018439C = {
						CreatedOnToolsVersion = 11.1;
					};
				};
			};
			buildConfigurationList = 7CE5076A23BE4E860018439C /* Build configuration list for PBXProject "Daybreak" */;
			compatibilityVersion = "Xcode 9.3";
			developmentRegion = en;
			hasScannedForEncodings = 0;
			knownRegions = (
				en,
				Base,
			);
			mainGroup = 7CE5076623BE4E860018439C;
			productRefGroup = 7CE5077023BE4E860018439C /* Products */;
			projectDirPath = "";
			projectRoot = "";
			targets = (
				7CE5076E23BE4E860018439C /* Daybreak */,
			);
		};
/* End PBXProject section */

/* Begin PBXResourcesBuildPhase section */
		7CE5076D23BE4E860018439C /* Resources */ = {
			isa = PBXResourcesBuildPhase;
			buildActionMask = 2147483647;
			files = (
				7CE5078223BE4E890018439C /* LaunchScreen.storyboard in Resources */,
				7CE5077F23BE4E890018439C /* Assets.xcassets in Resources */,
				7CE5077A23BE4E860018439C /* Main.storyboard in Resources */,
			);
			runOnlyForDeploymentPostprocessing = 0;
		};
/* End PBXResourcesBuildPhase section */

/* Begin PBXShellScriptBuildPhase section */
		AA47D1A5780B4ED3B3C86104 /* [CP] Embed Pods Frameworks */ = {
			isa = PBXShellScriptBuildPhase;
			buildActionMask = 2147483647;
			files = (
			);
			inputFileListPaths = (
				"${PODS_ROOT}/Target Support Files/Pods-Daybreak/Pods-Daybreak-frameworks-${CONFIGURATION}-input-files.xcfilelist",
			);
			name = "[CP] Embed Pods Frameworks";
			outputFileListPaths = (
				"${PODS_ROOT}/Target Support Files/Pods-Daybreak/Pods-Daybreak-frameworks-${CONFIGURATION}-output-files.xcfilelist",
			);
			runOnlyForDeploymentPostprocessing = 0;
			shellPath = /bin/sh;
			shellScript = "\"${PODS_ROOT}/Target Support Files/Pods-Daybreak/Pods-Daybreak-frameworks.sh\"\n";
			showEnvVarsInLog = 0;
		};
		C637305BC46CD146A54D5D28 /* [CP] Check Pods Manifest.lock */ = {
			isa = PBXShellScriptBuildPhase;
			buildActionMask = 2147483647;
			files = (
			);
			inputFileListPaths = (
			);
			inputPaths = (
				"${PODS_PODFILE_DIR_PATH}/Podfile.lock",
				"${PODS_ROOT}/Manifest.lock",
			);
			name = "[CP] Check Pods Manifest.lock";
			outputFileListPaths = (
			);
			outputPaths = (
				"$(DERIVED_FILE_DIR)/Pods-Daybreak-checkManifestLockResult.txt",
			);
			runOnlyForDeploymentPostprocessing = 0;
			shellPath = /bin/sh;
			shellScript = "diff \"${PODS_PODFILE_DIR_PATH}/Podfile.lock\" \"${PODS_ROOT}/Manifest.lock\" > /dev/null\nif [ $? != 0 ] ; then\n    # print error to STDERR\n    echo \"error: The sandbox is not in sync with the Podfile.lock. Run 'pod install' or update your CocoaPods installation.\" >&2\n    exit 1\nfi\n# This output is used by Xcode 'outputs' to avoid re-running this script phase.\necho \"SUCCESS\" > \"${SCRIPT_OUTPUT_FILE_0}\"\n";
			showEnvVarsInLog = 0;
		};
/* End PBXShellScriptBuildPhase section */

/* Begin PBXSourcesBuildPhase section */
		7CE5076B23BE4E860018439C /* Sources */ = {
			isa = PBXSourcesBuildPhase;
			buildActionMask = 2147483647;
			files = (
				7CE5077D23BE4E860018439C /* Daybreak.xcdatamodeld in Sources */,
				7C293B8323C392C400AEE7A7 /* ExampleController.swift in Sources */,
				7C293B8723C3932500AEE7A7 /* StyleGenerator.swift in Sources */,
				7C293B8123C391F500AEE7A7 /* CustomCalendarExampleController.swift in Sources */,
				7CE5077723BE4E860018439C /* ViewController.swift in Sources */,
				7C293B8523C3930800AEE7A7 /* ExampleNotificationController.swift in Sources */,
				7C293B8923C3934800AEE7A7 /* DataPickerController.swift in Sources */,
				7CE5077323BE4E860018439C /* AppDelegate.swift in Sources */,
				7CE5077523BE4E860018439C /* SceneDelegate.swift in Sources */,
			);
			runOnlyForDeploymentPostprocessing = 0;
		};
/* End PBXSourcesBuildPhase section */

/* Begin PBXVariantGroup section */
		7CE5077823BE4E860018439C /* Main.storyboard */ = {
			isa = PBXVariantGroup;
			children = (
				7CE5077923BE4E860018439C /* Base */,
			);
			name = Main.storyboard;
			sourceTree = "<group>";
		};
		7CE5078023BE4E890018439C /* LaunchScreen.storyboard */ = {
			isa = PBXVariantGroup;
			children = (
				7CE5078123BE4E890018439C /* Base */,
			);
			name = LaunchScreen.storyboard;
			sourceTree = "<group>";
		};
/* End PBXVariantGroup section */

/* Begin XCBuildConfiguration section */
		7CE5078423BE4E890018439C /* Debug */ = {
			isa = XCBuildConfiguration;
			buildSettings = {
				ALWAYS_SEARCH_USER_PATHS = NO;
				CLANG_ANALYZER_NONNULL = YES;
				CLANG_ANALYZER_NUMBER_OBJECT_CONVERSION = YES_AGGRESSIVE;
				CLANG_CXX_LANGUAGE_STANDARD = "gnu++14";
				CLANG_CXX_LIBRARY = "libc++";
				CLANG_ENABLE_MODULES = YES;
				CLANG_ENABLE_OBJC_ARC = YES;
				CLANG_ENABLE_OBJC_WEAK = YES;
				CLANG_WARN_BLOCK_CAPTURE_AUTORELEASING = YES;
				CLANG_WARN_BOOL_CONVERSION = YES;
				CLANG_WARN_COMMA = YES;
				CLANG_WARN_CONSTANT_CONVERSION = YES;
				CLANG_WARN_DEPRECATED_OBJC_IMPLEMENTATIONS = YES;
				CLANG_WARN_DIRECT_OBJC_ISA_USAGE = YES_ERROR;
				CLANG_WARN_DOCUMENTATION_COMMENTS = YES;
				CLANG_WARN_EMPTY_BODY = YES;
				CLANG_WARN_ENUM_CONVERSION = YES;
				CLANG_WARN_INFINITE_RECURSION = YES;
				CLANG_WARN_INT_CONVERSION = YES;
				CLANG_WARN_NON_LITERAL_NULL_CONVERSION = YES;
				CLANG_WARN_OBJC_IMPLICIT_RETAIN_SELF = YES;
				CLANG_WARN_OBJC_LITERAL_CONVERSION = YES;
				CLANG_WARN_OBJC_ROOT_CLASS = YES_ERROR;
				CLANG_WARN_RANGE_LOOP_ANALYSIS = YES;
				CLANG_WARN_STRICT_PROTOTYPES = YES;
				CLANG_WARN_SUSPICIOUS_MOVE = YES;
				CLANG_WARN_UNGUARDED_AVAILABILITY = YES_AGGRESSIVE;
				CLANG_WARN_UNREACHABLE_CODE = YES;
				CLANG_WARN__DUPLICATE_METHOD_MATCH = YES;
				COPY_PHASE_STRIP = NO;
				DEBUG_INFORMATION_FORMAT = dwarf;
				ENABLE_STRICT_OBJC_MSGSEND = YES;
				ENABLE_TESTABILITY = YES;
				GCC_C_LANGUAGE_STANDARD = gnu11;
				GCC_DYNAMIC_NO_PIC = NO;
				GCC_NO_COMMON_BLOCKS = YES;
				GCC_OPTIMIZATION_LEVEL = 0;
				GCC_PREPROCESSOR_DEFINITIONS = (
					"DEBUG=1",
					"$(inherited)",
				);
				GCC_WARN_64_TO_32_BIT_CONVERSION = YES;
				GCC_WARN_ABOUT_RETURN_TYPE = YES_ERROR;
				GCC_WARN_UNDECLARED_SELECTOR = YES;
				GCC_WARN_UNINITIALIZED_AUTOS = YES_AGGRESSIVE;
				GCC_WARN_UNUSED_FUNCTION = YES;
				GCC_WARN_UNUSED_VARIABLE = YES;
				IPHONEOS_DEPLOYMENT_TARGET = 13.1;
				MTL_ENABLE_DEBUG_INFO = INCLUDE_SOURCE;
				MTL_FAST_MATH = YES;
				ONLY_ACTIVE_ARCH = YES;
				SDKROOT = iphoneos;
				SWIFT_ACTIVE_COMPILATION_CONDITIONS = DEBUG;
				SWIFT_OPTIMIZATION_LEVEL = "-Onone";
			};
			name = Debug;
		};
		7CE5078523BE4E890018439C /* Release */ = {
			isa = XCBuildConfiguration;
			buildSettings = {
				ALWAYS_SEARCH_USER_PATHS = NO;
				CLANG_ANALYZER_NONNULL = YES;
				CLANG_ANALYZER_NUMBER_OBJECT_CONVERSION = YES_AGGRESSIVE;
				CLANG_CXX_LANGUAGE_STANDARD = "gnu++14";
				CLANG_CXX_LIBRARY = "libc++";
				CLANG_ENABLE_MODULES = YES;
				CLANG_ENABLE_OBJC_ARC = YES;
				CLANG_ENABLE_OBJC_WEAK = YES;
				CLANG_WARN_BLOCK_CAPTURE_AUTORELEASING = YES;
				CLANG_WARN_BOOL_CONVERSION = YES;
				CLANG_WARN_COMMA = YES;
				CLANG_WARN_CONSTANT_CONVERSION = YES;
				CLANG_WARN_DEPRECATED_OBJC_IMPLEMENTATIONS = YES;
				CLANG_WARN_DIRECT_OBJC_ISA_USAGE = YES_ERROR;
				CLANG_WARN_DOCUMENTATION_COMMENTS = YES;
				CLANG_WARN_EMPTY_BODY = YES;
				CLANG_WARN_ENUM_CONVERSION = YES;
				CLANG_WARN_INFINITE_RECURSION = YES;
				CLANG_WARN_INT_CONVERSION = YES;
				CLANG_WARN_NON_LITERAL_NULL_CONVERSION = YES;
				CLANG_WARN_OBJC_IMPLICIT_RETAIN_SELF = YES;
				CLANG_WARN_OBJC_LITERAL_CONVERSION = YES;
				CLANG_WARN_OBJC_ROOT_CLASS = YES_ERROR;
				CLANG_WARN_RANGE_LOOP_ANALYSIS = YES;
				CLANG_WARN_STRICT_PROTOTYPES = YES;
				CLANG_WARN_SUSPICIOUS_MOVE = YES;
				CLANG_WARN_UNGUARDED_AVAILABILITY = YES_AGGRESSIVE;
				CLANG_WARN_UNREACHABLE_CODE = YES;
				CLANG_WARN__DUPLICATE_METHOD_MATCH = YES;
				COPY_PHASE_STRIP = NO;
				DEBUG_INFORMATION_FORMAT = "dwarf-with-dsym";
				ENABLE_NS_ASSERTIONS = NO;
				ENABLE_STRICT_OBJC_MSGSEND = YES;
				GCC_C_LANGUAGE_STANDARD = gnu11;
				GCC_NO_COMMON_BLOCKS = YES;
				GCC_WARN_64_TO_32_BIT_CONVERSION = YES;
				GCC_WARN_ABOUT_RETURN_TYPE = YES_ERROR;
				GCC_WARN_UNDECLARED_SELECTOR = YES;
				GCC_WARN_UNINITIALIZED_AUTOS = YES_AGGRESSIVE;
				GCC_WARN_UNUSED_FUNCTION = YES;
				GCC_WARN_UNUSED_VARIABLE = YES;
				IPHONEOS_DEPLOYMENT_TARGET = 13.1;
				MTL_ENABLE_DEBUG_INFO = NO;
				MTL_FAST_MATH = YES;
				SDKROOT = iphoneos;
				SWIFT_COMPILATION_MODE = wholemodule;
				SWIFT_OPTIMIZATION_LEVEL = "-O";
				VALIDATE_PRODUCT = YES;
			};
			name = Release;
		};
		7CE5078723BE4E890018439C /* Debug */ = {
			isa = XCBuildConfiguration;
			baseConfigurationReference = 8EC8E648E73F99097EEB96B8 /* Pods-Daybreak.debug.xcconfig */;
			buildSettings = {
				ASSETCATALOG_COMPILER_APPICON_NAME = AppIcon;
				CODE_SIGN_STYLE = Automatic;
				INFOPLIST_FILE = Daybreak/Info.plist;
				LD_RUNPATH_SEARCH_PATHS = (
					"$(inherited)",
					"@executable_path/Frameworks",
				);
				PRODUCT_BUNDLE_IDENTIFIER = com.bruhapps.Daybreak;
				PRODUCT_NAME = "$(TARGET_NAME)";
				SWIFT_VERSION = 5.0;
				TARGETED_DEVICE_FAMILY = "1,2";
			};
			name = Debug;
		};
		7CE5078823BE4E890018439C /* Release */ = {
			isa = XCBuildConfiguration;
			baseConfigurationReference = E4A038D0B5CFD237A8FCB91F /* Pods-Daybreak.release.xcconfig */;
			buildSettings = {
				ASSETCATALOG_COMPILER_APPICON_NAME = AppIcon;
				CODE_SIGN_STYLE = Automatic;
				INFOPLIST_FILE = Daybreak/Info.plist;
				LD_RUNPATH_SEARCH_PATHS = (
					"$(inherited)",
					"@executable_path/Frameworks",
				);
				PRODUCT_BUNDLE_IDENTIFIER = com.bruhapps.Daybreak;
				PRODUCT_NAME = "$(TARGET_NAME)";
				SWIFT_VERSION = 5.0;
				TARGETED_DEVICE_FAMILY = "1,2";
			};
			name = Release;
		};
/* End XCBuildConfiguration section */

/* Begin XCConfigurationList section */
		7CE5076A23BE4E860018439C /* Build configuration list for PBXProject "Daybreak" */ = {
			isa = XCConfigurationList;
			buildConfigurations = (
				7CE5078423BE4E890018439C /* Debug */,
				7CE5078523BE4E890018439C /* Release */,
			);
			defaultConfigurationIsVisible = 0;
			defaultConfigurationName = Release;
		};
		7CE5078623BE4E890018439C /* Build configuration list for PBXNativeTarget "Daybreak" */ = {
			isa = XCConfigurationList;
			buildConfigurations = (
				7CE5078723BE4E890018439C /* Debug */,
				7CE5078823BE4E890018439C /* Release */,
			);
			defaultConfigurationIsVisible = 0;
			defaultConfigurationName = Release;
		};
/* End XCConfigurationList section */

/* Begin XCVersionGroup section */
		7CE5077B23BE4E860018439C /* Daybreak.xcdatamodeld */ = {
			isa = XCVersionGroup;
			children = (
				7CE5077C23BE4E860018439C /* Daybreak.xcdatamodel */,
			);
			currentVersion = 7CE5077C23BE4E860018439C /* Daybreak.xcdatamodel */;
			path = Daybreak.xcdatamodeld;
			sourceTree = "<group>";
			versionGroupType = wrapper.xcdatamodel;
		};
/* End XCVersionGroup section */
	};
	rootObject = 7CE5076723BE4E860018439C /* Project object */;
}
